
Microsoft Visual Studio Solution File, Format Version 12.00
# Visual Studio Version 16
VisualStudioVersion = 16.0.29230.47
MinimumVisualStudioVersion = 10.0.40219.1
Project("{FAE04EC0-301F-11D3-BF4B-00C04F79EFBC}") = "LoginUMB.UWP", "LoginUMB\LoginUMB.UWP\LoginUMB.UWP.csproj", "{0B1EE114-669D-446D-8B53-184755ABF491}"
EndProject
Project("{FAE04EC0-301F-11D3-BF4B-00C04F79EFBC}") = "LoginUMB.Android", "LoginUMB\LoginUMB.Android\LoginUMB.Android.csproj", "{5FD705CA-3424-4DC6-ACFA-011930CC9748}"
EndProject
Project("{FAE04EC0-301F-11D3-BF4B-00C04F79EFBC}") = "LoginUMB.iOS", "LoginUMB\LoginUMB.iOS\LoginUMB.iOS.csproj", "{EEDC86D5-FDB2-4F77-AF3F-9ACADE5C3302}"
EndProject
Project("{FAE04EC0-301F-11D3-BF4B-00C04F79EFBC}") = "LoginUMB", "LoginUMB\LoginUMB\LoginUMB.csproj", "{5A332957-1678-4B5E-894B-4DB786D0D2DB}"
EndProject
Global
	GlobalSection(SolutionConfigurationPlatforms) = preSolution
		Debug|Any CPU = Debug|Any CPU
		Debug|ARM = Debug|ARM
		Debug|iPhone = Debug|iPhone
		Debug|iPhoneSimulator = Debug|iPhoneSimulator
		Debug|x64 = Debug|x64
		Debug|x86 = Debug|x86
		Release|Any CPU = Release|Any CPU
		Release|ARM = Release|ARM
		Release|iPhone = Release|iPhone
		Release|iPhoneSimulator = Release|iPhoneSimulator
		Release|x64 = Release|x64
		Release|x86 = Release|x86
	EndGlobalSection
	GlobalSection(ProjectConfigurationPlatforms) = postSolution
		{0B1EE114-669D-446D-8B53-184755ABF491}.Debug|Any CPU.ActiveCfg = Debug|x86
		{0B1EE114-669D-446D-8B53-184755ABF491}.Debug|Any CPU.Build.0 = Debug|x86
		{0B1EE114-669D-446D-8B53-184755ABF491}.Debug|Any CPU.Deploy.0 = Debug|x86
		{0B1EE114-669D-446D-8B53-184755ABF491}.Debug|ARM.ActiveCfg = Debug|ARM
		{0B1EE114-669D-446D-8B53-184755ABF491}.Debug|ARM.Build.0 = Debug|ARM
		{0B1EE114-669D-446D-8B53-184755ABF491}.Debug|ARM.Deploy.0 = Debug|ARM
		{0B1EE114-669D-446D-8B53-184755ABF491}.Debug|iPhone.ActiveCfg = Debug|x86
		{0B1EE114-669D-446D-8B53-184755ABF491}.Debug|iPhone.Build.0 = Debug|x86
		{0B1EE114-669D-446D-8B53-184755ABF491}.Debug|iPhone.Deploy.0 = Debug|x86
		{0B1EE114-669D-446D-8B53-184755ABF491}.Debug|iPhoneSimulator.ActiveCfg = Debug|x86
		{0B1EE114-669D-446D-8B53-184755ABF491}.Debug|iPhoneSimulator.Build.0 = Debug|x86
		{0B1EE114-669D-446D-8B53-184755ABF491}.Debug|iPhoneSimulator.Deploy.0 = Debug|x86
		{0B1EE114-669D-446D-8B53-184755ABF491}.Debug|x64.ActiveCfg = Debug|x64
		{0B1EE114-669D-446D-8B53-184755ABF491}.Debug|x64.Build.0 = Debug|x64
		{0B1EE114-669D-446D-8B53-184755ABF491}.Debug|x64.Deploy.0 = Debug|x64
		{0B1EE114-669D-446D-8B53-184755ABF491}.Debug|x86.ActiveCfg = Debug|x86
		{0B1EE114-669D-446D-8B53-184755ABF491}.Debug|x86.Build.0 = Debug|x86
		{0B1EE114-669D-446D-8B53-184755ABF491}.Debug|x86.Deploy.0 = Debug|x86
		{0B1EE114-669D-446D-8B53-184755ABF491}.Release|Any CPU.ActiveCfg = Release|x86
		{0B1EE114-669D-446D-8B53-184755ABF491}.Release|Any CPU.Build.0 = Release|x86
		{0B1EE114-669D-446D-8B53-184755ABF491}.Release|Any CPU.Deploy.0 = Release|x86
		{0B1EE114-669D-446D-8B53-184755ABF491}.Release|ARM.ActiveCfg = Release|ARM
		{0B1EE114-669D-446D-8B53-184755ABF491}.Release|ARM.Build.0 = Release|ARM
		{0B1EE114-669D-446D-8B53-184755ABF491}.Release|ARM.Deploy.0 = Release|ARM
		{0B1EE114-669D-446D-8B53-184755ABF491}.Release|iPhone.ActiveCfg = Release|x86
		{0B1EE114-669D-446D-8B53-184755ABF491}.Release|iPhone.Build.0 = Release|x86
		{0B1EE114-669D-446D-8B53-184755ABF491}.Release|iPhone.Deploy.0 = Release|x86
		{0B1EE114-669D-446D-8B53-184755ABF491}.Release|iPhoneSimulator.ActiveCfg = Release|x86
		{0B1EE114-669D-446D-8B53-184755ABF491}.Release|iPhoneSimulator.Build.0 = Release|x86
		{0B1EE114-669D-446D-8B53-184755ABF491}.Release|iPhoneSimulator.Deploy.0 = Release|x86
		{0B1EE114-669D-446D-8B53-184755ABF491}.Release|x64.ActiveCfg = Release|x64
		{0B1EE114-669D-446D-8B53-184755ABF491}.Release|x64.Build.0 = Release|x64
		{0B1EE114-669D-446D-8B53-184755ABF491}.Release|x64.Deploy.0 = Release|x64
		{0B1EE114-669D-446D-8B53-184755ABF491}.Release|x86.ActiveCfg = Release|x86
		{0B1EE114-669D-446D-8B53-184755ABF491}.Release|x86.Build.0 = Release|x86
		{0B1EE114-669D-446D-8B53-184755ABF491}.Release|x86.Deploy.0 = Release|x86
		{5FD705CA-3424-4DC6-ACFA-011930CC9748}.Debug|Any CPU.ActiveCfg = Debug|Any CPU
		{5FD705CA-3424-4DC6-ACFA-011930CC9748}.Debug|Any CPU.Build.0 = Debug|Any CPU
		{5FD705CA-3424-4DC6-ACFA-011930CC9748}.Debug|Any CPU.Deploy.0 = Debug|Any CPU
		{5FD705CA-3424-4DC6-ACFA-011930CC9748}.Debug|ARM.ActiveCfg = Debug|Any CPU
		{5FD705CA-3424-4DC6-ACFA-011930CC9748}.Debug|ARM.Build.0 = Debug|Any CPU
		{5FD705CA-3424-4DC6-ACFA-011930CC9748}.Debug|ARM.Deploy.0 = Debug|Any CPU
		{5FD705CA-3424-4DC6-ACFA-011930CC9748}.Debug|iPhone.ActiveCfg = Debug|Any CPU
		{5FD705CA-3424-4DC6-ACFA-011930CC9748}.Debug|iPhone.Build.0 = Debug|Any CPU
		{5FD705CA-3424-4DC6-ACFA-011930CC9748}.Debug|iPhone.Deploy.0 = Debug|Any CPU
		{5FD705CA-3424-4DC6-ACFA-011930CC9748}.Debug|iPhoneSimulator.ActiveCfg = Debug|Any CPU
		{5FD705CA-3424-4DC6-ACFA-011930CC9748}.Debug|iPhoneSimulator.Build.0 = Debug|Any CPU
		{5FD705CA-3424-4DC6-ACFA-011930CC9748}.Debug|iPhoneSimulator.Deploy.0 = Debug|Any CPU
		{5FD705CA-3424-4DC6-ACFA-011930CC9748}.Debug|x64.ActiveCfg = Debug|Any CPU
		{5FD705CA-3424-4DC6-ACFA-011930CC9748}.Debug|x64.Build.0 = Debug|Any CPU
		{5FD705CA-3424-4DC6-ACFA-011930CC9748}.Debug|x64.Deploy.0 = Debug|Any CPU
		{5FD705CA-3424-4DC6-ACFA-011930CC9748}.Debug|x86.ActiveCfg = Debug|Any CPU
		{5FD705CA-3424-4DC6-ACFA-011930CC9748}.Debug|x86.Build.0 = Debug|Any CPU
		{5FD705CA-3424-4DC6-ACFA-011930CC9748}.Debug|x86.Deploy.0 = Debug|Any CPU
		{5FD705CA-3424-4DC6-ACFA-011930CC9748}.Release|Any CPU.ActiveCfg = Release|Any CPU
		{5FD705CA-3424-4DC6-ACFA-011930CC9748}.Release|Any CPU.Build.0 = Release|Any CPU
		{5FD705CA-3424-4DC6-ACFA-011930CC9748}.Release|Any CPU.Deploy.0 = Release|Any CPU
		{5FD705CA-3424-4DC6-ACFA-011930CC9748}.Release|ARM.ActiveCfg = Release|Any CPU
		{5FD705CA-3424-4DC6-ACFA-011930CC9748}.Release|ARM.Build.0 = Release|Any CPU
		{5FD705CA-3424-4DC6-ACFA-011930CC9748}.Release|ARM.Deploy.0 = Release|Any CPU
		{5FD705CA-3424-4DC6-ACFA-011930CC9748}.Release|iPhone.ActiveCfg = Release|Any CPU
		{5FD705CA-3424-4DC6-ACFA-011930CC9748}.Release|iPhone.Build.0 = Release|Any CPU
		{5FD705CA-3424-4DC6-ACFA-011930CC9748}.Release|iPhone.Deploy.0 = Release|Any CPU
		{5FD705CA-3424-4DC6-ACFA-011930CC9748}.Release|iPhoneSimulator.ActiveCfg = Release|Any CPU
		{5FD705CA-3424-4DC6-ACFA-011930CC9748}.Release|iPhoneSimulator.Build.0 = Release|Any CPU
		{5FD705CA-3424-4DC6-ACFA-011930CC9748}.Release|iPhoneSimulator.Deploy.0 = Release|Any CPU
		{5FD705CA-3424-4DC6-ACFA-011930CC9748}.Release|x64.ActiveCfg = Release|Any CPU
		{5FD705CA-3424-4DC6-ACFA-011930CC9748}.Release|x64.Build.0 = Release|Any CPU
		{5FD705CA-3424-4DC6-ACFA-011930CC9748}.Release|x64.Deploy.0 = Release|Any CPU
		{5FD705CA-3424-4DC6-ACFA-011930CC9748}.Release|x86.ActiveCfg = Release|Any CPU
		{5FD705CA-3424-4DC6-ACFA-011930CC9748}.Release|x86.Build.0 = Release|Any CPU
		{5FD705CA-3424-4DC6-ACFA-011930CC9748}.Release|x86.Deploy.0 = Release|Any CPU
		{EEDC86D5-FDB2-4F77-AF3F-9ACADE5C3302}.Debug|Any CPU.ActiveCfg = Debug|iPhone
		{EEDC86D5-FDB2-4F77-AF3F-9ACADE5C3302}.Debug|Any CPU.Build.0 = Debug|iPhone
		{EEDC86D5-FDB2-4F77-AF3F-9ACADE5C3302}.Debug|Any CPU.Deploy.0 = Debug|iPhone
		{EEDC86D5-FDB2-4F77-AF3F-9ACADE5C3302}.Debug|ARM.ActiveCfg = Debug|iPhoneSimulator
		{EEDC86D5-FDB2-4F77-AF3F-9ACADE5C3302}.Debug|ARM.Build.0 = Debug|iPhoneSimulator
		{EEDC86D5-FDB2-4F77-AF3F-9ACADE5C3302}.Debug|ARM.Deploy.0 = Debug|iPhoneSimulator
		{EEDC86D5-FDB2-4F77-AF3F-9ACADE5C3302}.Debug|iPhone.ActiveCfg = Debug|iPhone
		{EEDC86D5-FDB2-4F77-AF3F-9ACADE5C3302}.Debug|iPhone.Build.0 = Debug|iPhone
		{EEDC86D5-FDB2-4F77-AF3F-9ACADE5C3302}.Debug|iPhone.Deploy.0 = Debug|iPhone
		{EEDC86D5-FDB2-4F77-AF3F-9ACADE5C3302}.Debug|iPhoneSimulator.ActiveCfg = Debug|iPhoneSimulator
		{EEDC86D5-FDB2-4F77-AF3F-9ACADE5C3302}.Debug|iPhoneSimulator.Build.0 = Debug|iPhoneSimulator
		{EEDC86D5-FDB2-4F77-AF3F-9ACADE5C3302}.Debug|iPhoneSimulator.Deploy.0 = Debug|iPhoneSimulator
		{EEDC86D5-FDB2-4F77-AF3F-9ACADE5C3302}.Debug|x64.ActiveCfg = Debug|iPhone
		{EEDC86D5-FDB2-4F77-AF3F-9ACADE5C3302}.Debug|x64.Build.0 = Debug|iPhone
		{EEDC86D5-FDB2-4F77-AF3F-9ACADE5C3302}.Debug|x64.Deploy.0 = Debug|iPhone
		{EEDC86D5-FDB2-4F77-AF3F-9ACADE5C3302}.Debug|x86.ActiveCfg = Debug|iPhone
		{EEDC86D5-FDB2-4F77-AF3F-9ACADE5C3302}.Debug|x86.Build.0 = Debug|iPhone
		{EEDC86D5-FDB2-4F77-AF3F-9ACADE5C3302}.Debug|x86.Deploy.0 = Debug|iPhone
		{EEDC86D5-FDB2-4F77-AF3F-9ACADE5C3302}.Release|Any CPU.ActiveCfg = Release|iPhone
		{EEDC86D5-FDB2-4F77-AF3F-9ACADE5C3302}.Release|Any CPU.Build.0 = Release|iPhone
		{EEDC86D5-FDB2-4F77-AF3F-9ACADE5C3302}.Release|Any CPU.Deploy.0 = Release|iPhone
		{EEDC86D5-FDB2-4F77-AF3F-9ACADE5C3302}.Release|ARM.ActiveCfg = Release|iPhone
		{EEDC86D5-FDB2-4F77-AF3F-9ACADE5C3302}.Release|ARM.Build.0 = Release|iPhone
		{EEDC86D5-FDB2-4F77-AF3F-9ACADE5C3302}.Release|ARM.Deploy.0 = Release|iPhone
		{EEDC86D5-FDB2-4F77-AF3F-9ACADE5C3302}.Release|iPhone.ActiveCfg = Release|iPhone
		{EEDC86D5-FDB2-4F77-AF3F-9ACADE5C3302}.Release|iPhone.Build.0 = Release|iPhone
		{EEDC86D5-FDB2-4F77-AF3F-9ACADE5C3302}.Release|iPhone.Deploy.0 = Release|iPhone
		{EEDC86D5-FDB2-4F77-AF3F-9ACADE5C3302}.Release|iPhoneSimulator.ActiveCfg = Release|iPhoneSimulator
		{EEDC86D5-FDB2-4F77-AF3F-9ACADE5C3302}.Release|iPhoneSimulator.Build.0 = Release|iPhoneSimulator
		{EEDC86D5-FDB2-4F77-AF3F-9ACADE5C3302}.Release|iPhoneSimulator.Deploy.0 = Release|iPhoneSimulator
		{EEDC86D5-FDB2-4F77-AF3F-9ACADE5C3302}.Release|x64.ActiveCfg = Release|iPhone
		{EEDC86D5-FDB2-4F77-AF3F-9ACADE5C3302}.Release|x64.Build.0 = Release|iPhone
		{EEDC86D5-FDB2-4F77-AF3F-9ACADE5C3302}.Release|x64.Deploy.0 = Release|iPhone
		{EEDC86D5-FDB2-4F77-AF3F-9ACADE5C3302}.Release|x86.ActiveCfg = Release|iPhone
		{EEDC86D5-FDB2-4F77-AF3F-9ACADE5C3302}.Release|x86.Build.0 = Release|iPhone
		{EEDC86D5-FDB2-4F77-AF3F-9ACADE5C3302}.Release|x86.Deploy.0 = Release|iPhone
		{5A332957-1678-4B5E-894B-4DB786D0D2DB}.Debug|Any CPU.ActiveCfg = Debug|Any CPU
		{5A332957-1678-4B5E-894B-4DB786D0D2DB}.Debug|Any CPU.Build.0 = Debug|Any CPU
		{5A332957-1678-4B5E-894B-4DB786D0D2DB}.Debug|Any CPU.Deploy.0 = Debug|Any CPU
		{5A332957-1678-4B5E-894B-4DB786D0D2DB}.Debug|ARM.ActiveCfg = Debug|Any CPU
		{5A332957-1678-4B5E-894B-4DB786D0D2DB}.Debug|ARM.Build.0 = Debug|Any CPU
		{5A332957-1678-4B5E-894B-4DB786D0D2DB}.Debug|ARM.Deploy.0 = Debug|Any CPU
		{5A332957-1678-4B5E-894B-4DB786D0D2DB}.Debug|iPhone.ActiveCfg = Debug|Any CPU
		{5A332957-1678-4B5E-894B-4DB786D0D2DB}.Debug|iPhone.Build.0 = Debug|Any CPU
		{5A332957-1678-4B5E-894B-4DB786D0D2DB}.Debug|iPhone.Deploy.0 = Debug|Any CPU
		{5A332957-1678-4B5E-894B-4DB786D0D2DB}.Debug|iPhoneSimulator.ActiveCfg = Debug|Any CPU
		{5A332957-1678-4B5E-894B-4DB786D0D2DB}.Debug|iPhoneSimulator.Build.0 = Debug|Any CPU
		{5A332957-1678-4B5E-894B-4DB786D0D2DB}.Debug|iPhoneSimulator.Deploy.0 = Debug|Any CPU
		{5A332957-1678-4B5E-894B-4DB786D0D2DB}.Debug|x64.ActiveCfg = Debug|Any CPU
		{5A332957-1678-4B5E-894B-4DB786D0D2DB}.Debug|x64.Build.0 = Debug|Any CPU
		{5A332957-1678-4B5E-894B-4DB786D0D2DB}.Debug|x64.Deploy.0 = Debug|Any CPU
		{5A332957-1678-4B5E-894B-4DB786D0D2DB}.Debug|x86.ActiveCfg = Debug|Any CPU
		{5A332957-1678-4B5E-894B-4DB786D0D2DB}.Debug|x86.Build.0 = Debug|Any CPU
		{5A332957-1678-4B5E-894B-4DB786D0D2DB}.Debug|x86.Deploy.0 = Debug|Any CPU
		{5A332957-1678-4B5E-894B-4DB786D0D2DB}.Release|Any CPU.ActiveCfg = Release|Any CPU
		{5A332957-1678-4B5E-894B-4DB786D0D2DB}.Release|Any CPU.Build.0 = Release|Any CPU
		{5A332957-1678-4B5E-894B-4DB786D0D2DB}.Release|Any CPU.Deploy.0 = Release|Any CPU
		{5A332957-1678-4B5E-894B-4DB786D0D2DB}.Release|ARM.ActiveCfg = Release|Any CPU
		{5A332957-1678-4B5E-894B-4DB786D0D2DB}.Release|ARM.Build.0 = Release|Any CPU
		{5A332957-1678-4B5E-894B-4DB786D0D2DB}.Release|ARM.Deploy.0 = Release|Any CPU
		{5A332957-1678-4B5E-894B-4DB786D0D2DB}.Release|iPhone.ActiveCfg = Release|Any CPU
		{5A332957-1678-4B5E-894B-4DB786D0D2DB}.Release|iPhone.Build.0 = Release|Any CPU
		{5A332957-1678-4B5E-894B-4DB786D0D2DB}.Release|iPhone.Deploy.0 = Release|Any CPU
		{5A332957-1678-4B5E-894B-4DB786D0D2DB}.Release|iPhoneSimulator.ActiveCfg = Release|Any CPU
		{5A332957-1678-4B5E-894B-4DB786D0D2DB}.Release|iPhoneSimulator.Build.0 = Release|Any CPU
		{5A332957-1678-4B5E-894B-4DB786D0D2DB}.Release|iPhoneSimulator.Deploy.0 = Release|Any CPU
		{5A332957-1678-4B5E-894B-4DB786D0D2DB}.Release|x64.ActiveCfg = Release|Any CPU
		{5A332957-1678-4B5E-894B-4DB786D0D2DB}.Release|x64.Build.0 = Release|Any CPU
		{5A332957-1678-4B5E-894B-4DB786D0D2DB}.Release|x64.Deploy.0 = Release|Any CPU
		{5A332957-1678-4B5E-894B-4DB786D0D2DB}.Release|x86.ActiveCfg = Release|Any CPU
		{5A332957-1678-4B5E-894B-4DB786D0D2DB}.Release|x86.Build.0 = Release|Any CPU
		{5A332957-1678-4B5E-894B-4DB786D0D2DB}.Release|x86.Deploy.0 = Release|Any CPU
	EndGlobalSection
	GlobalSection(SolutionProperties) = preSolution
		HideSolutionNode = FALSE
	EndGlobalSection
	GlobalSection(ExtensibilityGlobals) = postSolution
		SolutionGuid = {14576FFC-2C1A-460F-A8E3-BD7FC7BA5AFD}
	EndGlobalSection
EndGlobal
